
Microsoft Visual Studio Solution File, Format Version 12.00
Project("{FAE04EC0-301F-11D3-BF4B-00C04F79EFBC}") = "LuhnDotNet", "src\LuhnDotNet.csproj", "{BD5DD1B0-F726-4CB5-9BFD-96A0199F0E5B}"
EndProject
Project("{FAE04EC0-301F-11D3-BF4B-00C04F79EFBC}") = "LuhnDotNetTest", "tests\LuhnDotNetTest.csproj", "{95C366A9-0FA6-4303-93DA-1E118BFC2ED8}"
EndProject
Global
	GlobalSection(SolutionConfigurationPlatforms) = preSolution
		Debug|Any CPU = Debug|Any CPU
		Release|Any CPU = Release|Any CPU
	EndGlobalSection
	GlobalSection(ProjectConfigurationPlatforms) = postSolution
		{BD5DD1B0-F726-4CB5-9BFD-96A0199F0E5B}.Debug|Any CPU.ActiveCfg = Debug|Any CPU
		{BD5DD1B0-F726-4CB5-9BFD-96A0199F0E5B}.Debug|Any CPU.Build.0 = Debug|Any CPU
		{BD5DD1B0-F726-4CB5-9BFD-96A0199F0E5B}.Release|Any CPU.ActiveCfg = Release|Any CPU
		{BD5DD1B0-F726-4CB5-9BFD-96A0199F0E5B}.Release|Any CPU.Build.0 = Release|Any CPU
		{95C366A9-0FA6-4303-93DA-1E118BFC2ED8}.Debug|Any CPU.ActiveCfg = Debug|Any CPU
		{95C366A9-0FA6-4303-93DA-1E118BFC2ED8}.Debug|Any CPU.Build.0 = Debug|Any CPU
		{95C366A9-0FA6-4303-93DA-1E118BFC2ED8}.Release|Any CPU.ActiveCfg = Release|Any CPU
		{95C366A9-0FA6-4303-93DA-1E118BFC2ED8}.Release|Any CPU.Build.0 = Release|Any CPU
	EndGlobalSection
EndGlobal
